github.com/Neniel/gotennis/lib/config v0.0.0-20240524221600-2e18421cb76f h1:8DFTZBPpYU20GIB1gj8JRKolWOzTSJb/nY70MTd9SUA=
github.com/Neniel/gotennis/lib/config v0.0.0-20240524221600-2e18421cb76f/go.mod h1:hM6goSe+lnycxAEWIfnLtdoXM7F80I1Tk4v9wsBtGLs=
github.com/Neniel/gotennis/lib/log v0.0.0-20240524221600-2e18421cb76f h1:pQ2JIYg4v+8bJXWdmUvtlZUaauJ7T9xSn9wMyQBLGug=
github.com/Neniel/gotennis/lib/log v0.0.0-20240524221600-2e18421cb76f/go.mod h1:KLim6iyWdAJMlFRkxmXyGeZMhVEgl81Ld16RMtBYvCQ=
